# This file was autogenerated by Stack.
# You should not edit this file by hand.
# For more information, please see the documentation at:
#   https://docs.haskellstack.org/en/stable/lock_files

packages:
- completed:
    hackage: wordexp-0.2.2@sha256:b02e8c88775eeea8184b81e2c322a924cd41ec9d2d4ab91c4c1d1a9745bf5b8d,674
    pantry-tree:
      sha256: b3aa3fef09b11f626e12477c700d23a7e5f8da6dbdc8087cfc924d5e3fd5289a
      size: 281
  original:
    hackage: wordexp-0.2.2
- completed:
    hackage: protolude-0.3.2@sha256:2a38b3dad40d238ab644e234b692c8911423f9d3ed0e36b62287c4a698d92cd1,2240
    pantry-tree:
      sha256: a36d2912ac552d950ba4476de7d950b56b82dd28e48b9f4d0efee938f10bc525
      size: 1594
  original:
    hackage: protolude-0.3.2
- completed:
    hackage: tomland-1.3.3.2@sha256:887dc39a8c9819deb8fcb6fde72e87dad4c94108b1736a5bf7215ccf3117bd0f,9474
    pantry-tree:
      sha256: 09b5c00b3b129ff3ead6a57489d1c5af24567ab9d08399ab3bf53f43affcc60b
      size: 6430
  original:
    hackage: tomland-1.3.3.2
- completed:
    hackage: validation-selective-0.1.0.2@sha256:c878846bfffeba69efa3b4866025f249656e0e0a129fed6d446eb602382d328b,3856
    pantry-tree:
      sha256: cf625f9876fb4122bf19ba3d78f480966882c4130c3824765fd04730b32cc719
      size: 696
  original:
    hackage: validation-selective-0.1.0.2
- completed:
    hackage: bytestring-0.11.3.1@sha256:0cc97b237df9a34d12de37973ad306391e24b0c262387c4d846bb8d1d65699dd,7339
    pantry-tree:
      sha256: c0097091b5524b6ddb060829e06d44b321436052b4fcfb137c1ee5052c1d666b
      size: 3946
  original:
    hackage: bytestring-0.11.3.1@sha256:0cc97b237df9a34d12de37973ad306391e24b0c262387c4d846bb8d1d65699dd,7339
- completed:
    hackage: binary-0.8.9.1@sha256:81f468c1c75fd6535152ab69b2d32ac6cfcc03e345267b069abe4da56ec95801,6523
    pantry-tree:
      sha256: 956ecd662408f69615977b87a92e042abcdc447b7824b8aabf5788c4393c10c5
      size: 1976
  original:
    hackage: binary-0.8.9.1@sha256:81f468c1c75fd6535152ab69b2d32ac6cfcc03e345267b069abe4da56ec95801,6523
- completed:
    hackage: directory-1.3.8.2@sha256:aa62af76daa1ed082933561a98ae342d4c3ef24bcca7197376ef605fee7d0949,3150
    pantry-tree:
      sha256: 80e22e8d8bccbc6a9b26bd4a153550c2c8e3739d5a77efe0633e3e1bd2f18a60
      size: 3519
  original:
    hackage: directory-1.3.8.2@sha256:aa62af76daa1ed082933561a98ae342d4c3ef24bcca7197376ef605fee7d0949,3150
- completed:
    hackage: process-1.6.18.0@sha256:69fbbca4151e1a6d1a5da41a1e17c254871675a4f2aed5213bbdfb10b5e52742,3148
    pantry-tree:
      sha256: cd0bf20226dad3e1a1cfee36d38c3f74e851c3d1418d41d8cd3fb656d4f16634
      size: 1675
  original:
    hackage: process-1.6.18.0@sha256:69fbbca4151e1a6d1a5da41a1e17c254871675a4f2aed5213bbdfb10b5e52742,3148
- completed:
    hackage: unix-2.8.5.0@sha256:633f15ef0bd50a16a7b5c5e86e6659fee6e4e211e098cc8bd0029f452bfcfddc,9808
    pantry-tree:
      sha256: d02b6227c6717f58c6f6ef1923f70af11b1a88987917010c3819c433344f4e3a
      size: 5821
  original:
    hackage: unix-2.8.5.0@sha256:633f15ef0bd50a16a7b5c5e86e6659fee6e4e211e098cc8bd0029f452bfcfddc,9808
- completed:
    hackage: filepath-1.4.100.4@sha256:2de84756d3907308230e34fcc7c1917a73f218f6d53838618b7d5b95dd33e2c3,5536
    pantry-tree:
      sha256: 3f8869f574ea76933efe77ed3c6e4e5a646317b38e8962970c8d0d092266f230
      size: 3346
  original:
    hackage: filepath-1.4.100.4@sha256:2de84756d3907308230e34fcc7c1917a73f218f6d53838618b7d5b95dd33e2c3,5536
- completed:
    hackage: text-2.0.2@sha256:71b5fa8c64d3c1fd0a08f993463220867b08290a2256e94b0952bf0e8f5a45cc,9905
    pantry-tree:
      sha256: 25f3b6dd211e30f9e0ef5047bb9f30df7a9296cf1043873e31558196dfe78676
      size: 7514
  original:
    hackage: text-2.0.2@sha256:71b5fa8c64d3c1fd0a08f993463220867b08290a2256e94b0952bf0e8f5a45cc,9905
snapshots:
- completed:
    sha256: 7b975b104cb3dbf0c297dfd01f936a4d2ee523241dd0b1ae960522b833fe3027
    size: 714096
    url: https://raw.githubusercontent.com/commercialhaskell/stackage-snapshots/master/lts/22/7.yaml
  original: lts-22.7
